
Microsoft Visual Studio Solution File, Format Version 12.00
# Visual Studio 15
VisualStudioVersion = 15.0.28010.2036
MinimumVisualStudioVersion = 10.0.40219.1
Project("{FAE04EC0-301F-11D3-BF4B-00C04F79EFBC}") = "UnchartedApp", "UnchartedApp\UnchartedApp.csproj", "{439FBA64-4AE9-46E1-B5DA-33DAFD6F6A6B}"
EndProject
Global
	GlobalSection(SolutionConfigurationPlatforms) = preSolution
		Debug|Any CPU = Debug|Any CPU
		Release|Any CPU = Release|Any CPU
	EndGlobalSection
	GlobalSection(ProjectConfigurationPlatforms) = postSolution
		{439FBA64-4AE9-46E1-B5DA-33DAFD6F6A6B}.Debug|Any CPU.ActiveCfg = Debug|Any CPU
		{439FBA64-4AE9-46E1-B5DA-33DAFD6F6A6B}.Debug|Any CPU.Build.0 = Debug|Any CPU
		{439FBA64-4AE9-46E1-B5DA-33DAFD6F6A6B}.Release|Any CPU.ActiveCfg = Release|Any CPU
		{439FBA64-4AE9-46E1-B5DA-33DAFD6F6A6B}.Release|Any CPU.Build.0 = Release|Any CPU
	EndGlobalSection
	GlobalSection(SolutionProperties) = preSolution
		HideSolutionNode = FALSE
	EndGlobalSection
	GlobalSection(ExtensibilityGlobals) = postSolution
		SolutionGuid = {D5FF1A58-0BA5-403A-85FB-0C6ABF570648}
	EndGlobalSection
EndGlobal
